
Microsoft Visual Studio Solution File, Format Version 12.00
# Visual Studio 15
Project("{FAE04EC0-301F-11D3-BF4B-00C04F79EFBC}") = "MagicaClothV2", "MagicaClothV2.csproj", "{8FB27630-69A0-B4AF-5D4E-910EEF93D565}"
EndProject
Project("{FAE04EC0-301F-11D3-BF4B-00C04F79EFBC}") = "MagicaClothV2.Editor", "MagicaClothV2.Editor.csproj", "{8F2DF6A0-B8DB-FC08-AB0A-F6AEB8E3632C}"
EndProject
Project("{FAE04EC0-301F-11D3-BF4B-00C04F79EFBC}") = "Assembly-CSharp", "Assembly-CSharp.csproj", "{EA8661C8-2BD1-7AF0-A1B4-C77F37502DB1}"
EndProject
Project("{FAE04EC0-301F-11D3-BF4B-00C04F79EFBC}") = "Assembly-CSharp-Editor", "Assembly-CSharp-Editor.csproj", "{2DFCCFA4-839E-0D77-FC4B-8232BAB7A27B}"
EndProject
Project("{FAE04EC0-301F-11D3-BF4B-00C04F79EFBC}") = "Assembly-CSharp-firstpass", "Assembly-CSharp-firstpass.csproj", "{F80EFE38-86EB-8BB6-0B60-FA75EFA9BB82}"
EndProject
Global
	GlobalSection(SolutionConfigurationPlatforms) = preSolution
		Debug|Any CPU = Debug|Any CPU
		Release|Any CPU = Release|Any CPU
	EndGlobalSection
	GlobalSection(ProjectConfigurationPlatforms) = postSolution
		{8FB27630-69A0-B4AF-5D4E-910EEF93D565}.Debug|Any CPU.ActiveCfg = Debug|Any CPU
		{8FB27630-69A0-B4AF-5D4E-910EEF93D565}.Debug|Any CPU.Build.0 = Debug|Any CPU
		{8FB27630-69A0-B4AF-5D4E-910EEF93D565}.Release|Any CPU.ActiveCfg = Release|Any CPU
		{8FB27630-69A0-B4AF-5D4E-910EEF93D565}.Release|Any CPU.Build.0 = Release|Any CPU
		{8F2DF6A0-B8DB-FC08-AB0A-F6AEB8E3632C}.Debug|Any CPU.ActiveCfg = Debug|Any CPU
		{8F2DF6A0-B8DB-FC08-AB0A-F6AEB8E3632C}.Debug|Any CPU.Build.0 = Debug|Any CPU
		{8F2DF6A0-B8DB-FC08-AB0A-F6AEB8E3632C}.Release|Any CPU.ActiveCfg = Release|Any CPU
		{8F2DF6A0-B8DB-FC08-AB0A-F6AEB8E3632C}.Release|Any CPU.Build.0 = Release|Any CPU
		{EA8661C8-2BD1-7AF0-A1B4-C77F37502DB1}.Debug|Any CPU.ActiveCfg = Debug|Any CPU
		{EA8661C8-2BD1-7AF0-A1B4-C77F37502DB1}.Debug|Any CPU.Build.0 = Debug|Any CPU
		{EA8661C8-2BD1-7AF0-A1B4-C77F37502DB1}.Release|Any CPU.ActiveCfg = Release|Any CPU
		{EA8661C8-2BD1-7AF0-A1B4-C77F37502DB1}.Release|Any CPU.Build.0 = Release|Any CPU
		{2DFCCFA4-839E-0D77-FC4B-8232BAB7A27B}.Debug|Any CPU.ActiveCfg = Debug|Any CPU
		{2DFCCFA4-839E-0D77-FC4B-8232BAB7A27B}.Debug|Any CPU.Build.0 = Debug|Any CPU
		{2DFCCFA4-839E-0D77-FC4B-8232BAB7A27B}.Release|Any CPU.ActiveCfg = Release|Any CPU
		{2DFCCFA4-839E-0D77-FC4B-8232BAB7A27B}.Release|Any CPU.Build.0 = Release|Any CPU
		{F80EFE38-86EB-8BB6-0B60-FA75EFA9BB82}.Debug|Any CPU.ActiveCfg = Debug|Any CPU
		{F80EFE38-86EB-8BB6-0B60-FA75EFA9BB82}.Debug|Any CPU.Build.0 = Debug|Any CPU
		{F80EFE38-86EB-8BB6-0B60-FA75EFA9BB82}.Release|Any CPU.ActiveCfg = Release|Any CPU
		{F80EFE38-86EB-8BB6-0B60-FA75EFA9BB82}.Release|Any CPU.Build.0 = Release|Any CPU
	EndGlobalSection
	GlobalSection(SolutionProperties) = preSolution
		HideSolutionNode = FALSE
	EndGlobalSection
EndGlobal
